
Microsoft Visual Studio Solution File, Format Version 12.00
# Visual Studio Version 16
VisualStudioVersion = 16.0.28803.352
MinimumVisualStudioVersion = 10.0.40219.1
Project("{FAE04EC0-301F-11D3-BF4B-00C04F79EFBC}") = "tdd.greetings", "tdd.greetings\tdd.greetings.csproj", "{37876B76-67BF-49C8-BED1-81F992A115EA}"
EndProject
Project("{FAE04EC0-301F-11D3-BF4B-00C04F79EFBC}") = "tdd.greetings.tests", "tdd.greetings.tests\tdd.greetings.tests.csproj", "{D9F42AC7-0568-4AC6-8AD4-D17379181069}"
EndProject
Global
	GlobalSection(SolutionConfigurationPlatforms) = preSolution
		Debug|Any CPU = Debug|Any CPU
		Release|Any CPU = Release|Any CPU
	EndGlobalSection
	GlobalSection(ProjectConfigurationPlatforms) = postSolution
		{37876B76-67BF-49C8-BED1-81F992A115EA}.Debug|Any CPU.ActiveCfg = Debug|Any CPU
		{37876B76-67BF-49C8-BED1-81F992A115EA}.Debug|Any CPU.Build.0 = Debug|Any CPU
		{37876B76-67BF-49C8-BED1-81F992A115EA}.Release|Any CPU.ActiveCfg = Release|Any CPU
		{37876B76-67BF-49C8-BED1-81F992A115EA}.Release|Any CPU.Build.0 = Release|Any CPU
		{D9F42AC7-0568-4AC6-8AD4-D17379181069}.Debug|Any CPU.ActiveCfg = Debug|Any CPU
		{D9F42AC7-0568-4AC6-8AD4-D17379181069}.Debug|Any CPU.Build.0 = Debug|Any CPU
		{D9F42AC7-0568-4AC6-8AD4-D17379181069}.Release|Any CPU.ActiveCfg = Release|Any CPU
		{D9F42AC7-0568-4AC6-8AD4-D17379181069}.Release|Any CPU.Build.0 = Release|Any CPU
	EndGlobalSection
	GlobalSection(SolutionProperties) = preSolution
		HideSolutionNode = FALSE
	EndGlobalSection
	GlobalSection(ExtensibilityGlobals) = postSolution
		SolutionGuid = {C2ADFCB6-00D1-4A8B-9EE3-C233AB23C9CD}
	EndGlobalSection
EndGlobal
