
Microsoft Visual Studio Solution File, Format Version 12.00
# Visual Studio Version 16
VisualStudioVersion = 16.0.28803.352
MinimumVisualStudioVersion = 10.0.40219.1
Project("{9A19103F-16F7-4668-BE54-9A1E7A4F7556}") = "tdd.greetings", "tdd.greetings\tdd.greetings.csproj", "{37876B76-67BF-49C8-BED1-81F992A115EA}"
EndProject
Project("{9A19103F-16F7-4668-BE54-9A1E7A4F7556}") = "tdd.greetings.tests", "tdd.greetings.tests\tdd.greetings.tests.csproj", "{D9F42AC7-0568-4AC6-8AD4-D17379181069}"
EndProject
Project("{2150E333-8FDC-42A3-9474-1A3956D46DE8}") = "Solution Items", "Solution Items", "{9DF6776D-C1BE-45C1-83D9-40E527B58586}"
	ProjectSection(SolutionItems) = preProject
		.editorconfig = .editorconfig
		README.md = README.md
	EndProjectSection
EndProject
Global
	GlobalSection(SolutionConfigurationPlatforms) = preSolution
		Debug|Any CPU = Debug|Any CPU
		Release|Any CPU = Release|Any CPU
	EndGlobalSection
	GlobalSection(ProjectConfigurationPlatforms) = postSolution
		{37876B76-67BF-49C8-BED1-81F992A115EA}.Debug|Any CPU.ActiveCfg = Debug|Any CPU
		{37876B76-67BF-49C8-BED1-81F992A115EA}.Debug|Any CPU.Build.0 = Debug|Any CPU
		{37876B76-67BF-49C8-BED1-81F992A115EA}.Release|Any CPU.ActiveCfg = Release|Any CPU
		{37876B76-67BF-49C8-BED1-81F992A115EA}.Release|Any CPU.Build.0 = Release|Any CPU
		{D9F42AC7-0568-4AC6-8AD4-D17379181069}.Debug|Any CPU.ActiveCfg = Debug|Any CPU
		{D9F42AC7-0568-4AC6-8AD4-D17379181069}.Debug|Any CPU.Build.0 = Debug|Any CPU
		{D9F42AC7-0568-4AC6-8AD4-D17379181069}.Release|Any CPU.ActiveCfg = Release|Any CPU
		{D9F42AC7-0568-4AC6-8AD4-D17379181069}.Release|Any CPU.Build.0 = Release|Any CPU
	EndGlobalSection
	GlobalSection(SolutionProperties) = preSolution
		HideSolutionNode = FALSE
	EndGlobalSection
	GlobalSection(ExtensibilityGlobals) = postSolution
		SolutionGuid = {C2ADFCB6-00D1-4A8B-9EE3-C233AB23C9CD}
	EndGlobalSection
EndGlobal
