
Microsoft Visual Studio Solution File, Format Version 12.00
# Visual Studio 15
VisualStudioVersion = 15.0.28010.2041
MinimumVisualStudioVersion = 10.0.40219.1
Project("{FAE04EC0-301F-11D3-BF4B-00C04F79EFBC}") = "tdd.csv", "tdd.csv\tdd.csv.csproj", "{2373D5AA-15FB-4B17-9431-6287383648BD}"
EndProject
Project("{FAE04EC0-301F-11D3-BF4B-00C04F79EFBC}") = "tdd.csv.tests", "tdd.csv.tests\tdd.csv.tests.csproj", "{5432B736-91EF-402C-982C-CB999C4370E8}"
EndProject
Project("{2150E333-8FDC-42A3-9474-1A3956D46DE8}") = "Solution Items", "Solution Items", "{DBE3A315-7C57-4D90-BCA5-7431D9C38753}"
	ProjectSection(SolutionItems) = preProject
		README.md = README.md
	EndProjectSection
EndProject
Global
	GlobalSection(SolutionConfigurationPlatforms) = preSolution
		Debug|Any CPU = Debug|Any CPU
		Release|Any CPU = Release|Any CPU
	EndGlobalSection
	GlobalSection(ProjectConfigurationPlatforms) = postSolution
		{2373D5AA-15FB-4B17-9431-6287383648BD}.Debug|Any CPU.ActiveCfg = Debug|Any CPU
		{2373D5AA-15FB-4B17-9431-6287383648BD}.Debug|Any CPU.Build.0 = Debug|Any CPU
		{2373D5AA-15FB-4B17-9431-6287383648BD}.Release|Any CPU.ActiveCfg = Release|Any CPU
		{2373D5AA-15FB-4B17-9431-6287383648BD}.Release|Any CPU.Build.0 = Release|Any CPU
		{5432B736-91EF-402C-982C-CB999C4370E8}.Debug|Any CPU.ActiveCfg = Debug|Any CPU
		{5432B736-91EF-402C-982C-CB999C4370E8}.Debug|Any CPU.Build.0 = Debug|Any CPU
		{5432B736-91EF-402C-982C-CB999C4370E8}.Release|Any CPU.ActiveCfg = Release|Any CPU
		{5432B736-91EF-402C-982C-CB999C4370E8}.Release|Any CPU.Build.0 = Release|Any CPU
	EndGlobalSection
	GlobalSection(SolutionProperties) = preSolution
		HideSolutionNode = FALSE
	EndGlobalSection
	GlobalSection(ExtensibilityGlobals) = postSolution
		SolutionGuid = {07615B45-A89E-4417-8F08-075EFE6F24C8}
	EndGlobalSection
EndGlobal
